// !$*UTF8*$!
{
	archiveVersion = 1;
	classes = {
	};
	objectVersion = 77;
	objects = {

/* Begin PBXBuildFile section */
		4862E0802D6E035500E1F690 /* SearchField.swift in Sources */ = {isa = PBXBuildFile; fileRef = 4862E07F2D6E035500E1F690 /* SearchField.swift */; };
		4862E0842D6E0CC600E1F690 /* ResultView.swift in Sources */ = {isa = PBXBuildFile; fileRef = 4862E0832D6E0CC600E1F690 /* ResultView.swift */; };
		48C239992D6DC987004B6C9C /* Preview Assets.xcassets in Resources */ = {isa = PBXBuildFile; fileRef = 48C239932D6DC987004B6C9C /* Preview Assets.xcassets */; };
		48C2399A2D6DC987004B6C9C /* Assets.xcassets in Resources */ = {isa = PBXBuildFile; fileRef = 48C239962D6DC987004B6C9C /* Assets.xcassets */; };
		48C2399B2D6DC987004B6C9C /* AgifyAppApp.swift in Sources */ = {isa = PBXBuildFile; fileRef = 48C239952D6DC987004B6C9C /* AgifyAppApp.swift */; };
		48C2399C2D6DC987004B6C9C /* ContentView.swift in Sources */ = {isa = PBXBuildFile; fileRef = 48C239972D6DC987004B6C9C /* ContentView.swift */; };
		48C2399F2D6DC98A004B6C9C /* AgifyAppTests.swift in Sources */ = {isa = PBXBuildFile; fileRef = 48C2399D2D6DC98A004B6C9C /* AgifyAppTests.swift */; };
		48C239A32D6DC98D004B6C9C /* AgifyAppUITests.swift in Sources */ = {isa = PBXBuildFile; fileRef = 48C239A02D6DC98D004B6C9C /* AgifyAppUITests.swift */; };
		48C239A42D6DC98D004B6C9C /* AgifyAppUITestsLaunchTests.swift in Sources */ = {isa = PBXBuildFile; fileRef = 48C239A12D6DC98D004B6C9C /* AgifyAppUITestsLaunchTests.swift */; };
		48C239A62D6DD0DF004B6C9C /* Networkable.swift in Sources */ = {isa = PBXBuildFile; fileRef = 48C239A52D6DD0DF004B6C9C /* Networkable.swift */; };
		48C239A72D6DD0DF004B6C9C /* Networkable.swift in Sources */ = {isa = PBXBuildFile; fileRef = 48C239A52D6DD0DF004B6C9C /* Networkable.swift */; };
		48C239AD2D6DD1A7004B6C9C /* ApiError.swift in Sources */ = {isa = PBXBuildFile; fileRef = 48C239AC2D6DD1A7004B6C9C /* ApiError.swift */; };
		48C239B02D6DD1E8004B6C9C /* ApiService.swift in Sources */ = {isa = PBXBuildFile; fileRef = 48C239AF2D6DD1E8004B6C9C /* ApiService.swift */; };
		48C239B12D6DD1E8004B6C9C /* ApiService.swift in Sources */ = {isa = PBXBuildFile; fileRef = 48C239AF2D6DD1E8004B6C9C /* ApiService.swift */; };
		48C239B32D6DD659004B6C9C /* Age.swift in Sources */ = {isa = PBXBuildFile; fileRef = 48C239B22D6DD659004B6C9C /* Age.swift */; };
		48C239B72D6DD671004B6C9C /* ViewModel.swift in Sources */ = {isa = PBXBuildFile; fileRef = 48C239B62D6DD671004B6C9C /* ViewModel.swift */; };
		48C239BA2D6DDA62004B6C9C /* DataSource.swift in Sources */ = {isa = PBXBuildFile; fileRef = 48C239B92D6DDA62004B6C9C /* DataSource.swift */; };
		48C239BB2D6DE899004B6C9C /* ViewModel.swift in Sources */ = {isa = PBXBuildFile; fileRef = 48C239B62D6DD671004B6C9C /* ViewModel.swift */; };
		48C239BC2D6DE8A1004B6C9C /* ApiError.swift in Sources */ = {isa = PBXBuildFile; fileRef = 48C239AC2D6DD1A7004B6C9C /* ApiError.swift */; };
		48C239BD2D6DE8E6004B6C9C /* Age.swift in Sources */ = {isa = PBXBuildFile; fileRef = 48C239B22D6DD659004B6C9C /* Age.swift */; };
		48C239BE2D6DE8F2004B6C9C /* DataSource.swift in Sources */ = {isa = PBXBuildFile; fileRef = 48C239B92D6DDA62004B6C9C /* DataSource.swift */; };
		48C239C02D6DF40B004B6C9C /* Nationality.swift in Sources */ = {isa = PBXBuildFile; fileRef = 48C239BF2D6DF40B004B6C9C /* Nationality.swift */; };
		48C239C12D6DF40B004B6C9C /* Nationality.swift in Sources */ = {isa = PBXBuildFile; fileRef = 48C239BF2D6DF40B004B6C9C /* Nationality.swift */; };
/* End PBXBuildFile section */

/* Begin PBXContainerItemProxy section */
		48C239772D6DC97D004B6C9C /* PBXContainerItemProxy */ = {
			isa = PBXContainerItemProxy;
			containerPortal = 48C2395E2D6DC97C004B6C9C /* Project object */;
			proxyType = 1;
			remoteGlobalIDString = 48C239652D6DC97C004B6C9C;
			remoteInfo = AgifyApp;
		};
		48C239812D6DC97D004B6C9C /* PBXContainerItemProxy */ = {
			isa = PBXContainerItemProxy;
			containerPortal = 48C2395E2D6DC97C004B6C9C /* Project object */;
			proxyType = 1;
			remoteGlobalIDString = 48C239652D6DC97C004B6C9C;
			remoteInfo = AgifyApp;
		};
/* End PBXContainerItemProxy section */

/* Begin PBXFileReference section */
		4862E07F2D6E035500E1F690 /* SearchField.swift */ = {isa = PBXFileReference; lastKnownFileType = sourcecode.swift; path = SearchField.swift; sourceTree = "<group>"; };
		4862E0832D6E0CC600E1F690 /* ResultView.swift */ = {isa = PBXFileReference; lastKnownFileType = sourcecode.swift; path = ResultView.swift; sourceTree = "<group>"; };
		48C239662D6DC97C004B6C9C /* AgifyApp.app */ = {isa = PBXFileReference; explicitFileType = wrapper.application; includeInIndex = 0; path = AgifyApp.app; sourceTree = BUILT_PRODUCTS_DIR; };
		48C239762D6DC97D004B6C9C /* AgifyAppTests.xctest */ = {isa = PBXFileReference; explicitFileType = wrapper.cfbundle; includeInIndex = 0; path = AgifyAppTests.xctest; sourceTree = BUILT_PRODUCTS_DIR; };
		48C239802D6DC97D004B6C9C /* AgifyAppUITests.xctest */ = {isa = PBXFileReference; explicitFileType = wrapper.cfbundle; includeInIndex = 0; path = AgifyAppUITests.xctest; sourceTree = BUILT_PRODUCTS_DIR; };
		48C239932D6DC987004B6C9C /* Preview Assets.xcassets */ = {isa = PBXFileReference; lastKnownFileType = folder.assetcatalog; path = "Preview Assets.xcassets"; sourceTree = "<group>"; };
		48C239952D6DC987004B6C9C /* AgifyAppApp.swift */ = {isa = PBXFileReference; lastKnownFileType = sourcecode.swift; path = AgifyAppApp.swift; sourceTree = "<group>"; };
		48C239962D6DC987004B6C9C /* Assets.xcassets */ = {isa = PBXFileReference; lastKnownFileType = folder.assetcatalog; path = Assets.xcassets; sourceTree = "<group>"; };
		48C239972D6DC987004B6C9C /* ContentView.swift */ = {isa = PBXFileReference; lastKnownFileType = sourcecode.swift; path = ContentView.swift; sourceTree = "<group>"; };
		48C2399D2D6DC98A004B6C9C /* AgifyAppTests.swift */ = {isa = PBXFileReference; lastKnownFileType = sourcecode.swift; path = AgifyAppTests.swift; sourceTree = "<group>"; };
		48C239A02D6DC98D004B6C9C /* AgifyAppUITests.swift */ = {isa = PBXFileReference; lastKnownFileType = sourcecode.swift; path = AgifyAppUITests.swift; sourceTree = "<group>"; };
		48C239A12D6DC98D004B6C9C /* AgifyAppUITestsLaunchTests.swift */ = {isa = PBXFileReference; lastKnownFileType = sourcecode.swift; path = AgifyAppUITestsLaunchTests.swift; sourceTree = "<group>"; };
		48C239A52D6DD0DF004B6C9C /* Networkable.swift */ = {isa = PBXFileReference; lastKnownFileType = sourcecode.swift; path = Networkable.swift; sourceTree = "<group>"; };
		48C239AC2D6DD1A7004B6C9C /* ApiError.swift */ = {isa = PBXFileReference; lastKnownFileType = sourcecode.swift; path = ApiError.swift; sourceTree = "<group>"; };
		48C239AF2D6DD1E8004B6C9C /* ApiService.swift */ = {isa = PBXFileReference; lastKnownFileType = sourcecode.swift; path = ApiService.swift; sourceTree = "<group>"; };
		48C239B22D6DD659004B6C9C /* Age.swift */ = {isa = PBXFileReference; lastKnownFileType = sourcecode.swift; path = Age.swift; sourceTree = "<group>"; };
		48C239B62D6DD671004B6C9C /* ViewModel.swift */ = {isa = PBXFileReference; lastKnownFileType = sourcecode.swift; path = ViewModel.swift; sourceTree = "<group>"; };
		48C239B92D6DDA62004B6C9C /* DataSource.swift */ = {isa = PBXFileReference; lastKnownFileType = sourcecode.swift; path = DataSource.swift; sourceTree = "<group>"; };
		48C239BF2D6DF40B004B6C9C /* Nationality.swift */ = {isa = PBXFileReference; lastKnownFileType = sourcecode.swift; path = Nationality.swift; sourceTree = "<group>"; };
/* End PBXFileReference section */

/* Begin PBXFrameworksBuildPhase section */
		48C239632D6DC97C004B6C9C /* Frameworks */ = {
			isa = PBXFrameworksBuildPhase;
			buildActionMask = 2147483647;
			files = (
			);
			runOnlyForDeploymentPostprocessing = 0;
		};
		48C239732D6DC97D004B6C9C /* Frameworks */ = {
			isa = PBXFrameworksBuildPhase;
			buildActionMask = 2147483647;
			files = (
			);
			runOnlyForDeploymentPostprocessing = 0;
		};
		48C2397D2D6DC97D004B6C9C /* Frameworks */ = {
			isa = PBXFrameworksBuildPhase;
			buildActionMask = 2147483647;
			files = (
			);
			runOnlyForDeploymentPostprocessing = 0;
		};
/* End PBXFrameworksBuildPhase section */

/* Begin PBXGroup section */
		48C2395D2D6DC97C004B6C9C = {
			isa = PBXGroup;
			children = (
				48C239982D6DC987004B6C9C /* AgifyApp */,
				48C2399E2D6DC98A004B6C9C /* AgifyAppTests */,
				48C239A22D6DC98D004B6C9C /* AgifyAppUITests */,
				48C239672D6DC97C004B6C9C /* Products */,
			);
			sourceTree = "<group>";
		};
		48C239672D6DC97C004B6C9C /* Products */ = {
			isa = PBXGroup;
			children = (
				48C239662D6DC97C004B6C9C /* AgifyApp.app */,
				48C239762D6DC97D004B6C9C /* AgifyAppTests.xctest */,
				48C239802D6DC97D004B6C9C /* AgifyAppUITests.xctest */,
			);
			name = Products;
			sourceTree = "<group>";
		};
		48C239942D6DC987004B6C9C /* Preview Content */ = {
			isa = PBXGroup;
			children = (
				48C239932D6DC987004B6C9C /* Preview Assets.xcassets */,
			);
			path = "Preview Content";
			sourceTree = "<group>";
		};
		48C239982D6DC987004B6C9C /* AgifyApp */ = {
			isa = PBXGroup;
			children = (
				48C239952D6DC987004B6C9C /* AgifyAppApp.swift */,
				48C239B52D6DD66A004B6C9C /* View */,
				48C239B82D6DD675004B6C9C /* ViewModel */,
				48C239B42D6DD65D004B6C9C /* Model */,
				48C239AE2D6DD1D7004B6C9C /* Network */,
				48C239B92D6DDA62004B6C9C /* DataSource.swift */,
				48C239942D6DC987004B6C9C /* Preview Content */,
				48C239962D6DC987004B6C9C /* Assets.xcassets */,
			);
			path = AgifyApp;
			sourceTree = "<group>";
		};
		48C2399E2D6DC98A004B6C9C /* AgifyAppTests */ = {
			isa = PBXGroup;
			children = (
				48C2399D2D6DC98A004B6C9C /* AgifyAppTests.swift */,
			);
			path = AgifyAppTests;
			sourceTree = "<group>";
		};
		48C239A22D6DC98D004B6C9C /* AgifyAppUITests */ = {
			isa = PBXGroup;
			children = (
				48C239A02D6DC98D004B6C9C /* AgifyAppUITests.swift */,
				48C239A12D6DC98D004B6C9C /* AgifyAppUITestsLaunchTests.swift */,
			);
			path = AgifyAppUITests;
			sourceTree = "<group>";
		};
		48C239AE2D6DD1D7004B6C9C /* Network */ = {
			isa = PBXGroup;
			children = (
				48C239A52D6DD0DF004B6C9C /* Networkable.swift */,
				48C239AC2D6DD1A7004B6C9C /* ApiError.swift */,
				48C239AF2D6DD1E8004B6C9C /* ApiService.swift */,
			);
			path = Network;
			sourceTree = "<group>";
		};
		48C239B42D6DD65D004B6C9C /* Model */ = {
			isa = PBXGroup;
			children = (
				48C239BF2D6DF40B004B6C9C /* Nationality.swift */,
				48C239B22D6DD659004B6C9C /* Age.swift */,
			);
			path = Model;
			sourceTree = "<group>";
		};
		48C239B52D6DD66A004B6C9C /* View */ = {
			isa = PBXGroup;
			children = (
				48C239972D6DC987004B6C9C /* ContentView.swift */,
				4862E07F2D6E035500E1F690 /* SearchField.swift */,
				4862E0832D6E0CC600E1F690 /* ResultView.swift */,
			);
			path = View;
			sourceTree = "<group>";
		};
		48C239B82D6DD675004B6C9C /* ViewModel */ = {
			isa = PBXGroup;
			children = (
				48C239B62D6DD671004B6C9C /* ViewModel.swift */,
			);
			path = ViewModel;
			sourceTree = "<group>";
		};
/* End PBXGroup section */

/* Begin PBXNativeTarget section */
		48C239652D6DC97C004B6C9C /* AgifyApp */ = {
			isa = PBXNativeTarget;
			buildConfigurationList = 48C2398A2D6DC97D004B6C9C /* Build configuration list for PBXNativeTarget "AgifyApp" */;
			buildPhases = (
				48C239622D6DC97C004B6C9C /* Sources */,
				48C239632D6DC97C004B6C9C /* Frameworks */,
				48C239642D6DC97C004B6C9C /* Resources */,
			);
			buildRules = (
			);
			dependencies = (
			);
			name = AgifyApp;
			packageProductDependencies = (
			);
			productName = AgifyApp;
			productReference = 48C239662D6DC97C004B6C9C /* AgifyApp.app */;
			productType = "com.apple.product-type.application";
		};
		48C239752D6DC97D004B6C9C /* AgifyAppTests */ = {
			isa = PBXNativeTarget;
			buildConfigurationList = 48C2398D2D6DC97D004B6C9C /* Build configuration list for PBXNativeTarget "AgifyAppTests" */;
			buildPhases = (
				48C239722D6DC97D004B6C9C /* Sources */,
				48C239732D6DC97D004B6C9C /* Frameworks */,
				48C239742D6DC97D004B6C9C /* Resources */,
			);
			buildRules = (
			);
			dependencies = (
				48C239782D6DC97D004B6C9C /* PBXTargetDependency */,
			);
			name = AgifyAppTests;
			packageProductDependencies = (
			);
			productName = AgifyAppTests;
			productReference = 48C239762D6DC97D004B6C9C /* AgifyAppTests.xctest */;
			productType = "com.apple.product-type.bundle.unit-test";
		};
		48C2397F2D6DC97D004B6C9C /* AgifyAppUITests */ = {
			isa = PBXNativeTarget;
			buildConfigurationList = 48C239902D6DC97D004B6C9C /* Build configuration list for PBXNativeTarget "AgifyAppUITests" */;
			buildPhases = (
				48C2397C2D6DC97D004B6C9C /* Sources */,
				48C2397D2D6DC97D004B6C9C /* Frameworks */,
				48C2397E2D6DC97D004B6C9C /* Resources */,
			);
			buildRules = (
			);
			dependencies = (
				48C239822D6DC97D004B6C9C /* PBXTargetDependency */,
			);
			name = AgifyAppUITests;
			packageProductDependencies = (
			);
			productName = AgifyAppUITests;
			productReference = 48C239802D6DC97D004B6C9C /* AgifyAppUITests.xctest */;
			productType = "com.apple.product-type.bundle.ui-testing";
		};
/* End PBXNativeTarget section */

/* Begin PBXProject section */
		48C2395E2D6DC97C004B6C9C /* Project object */ = {
			isa = PBXProject;
			attributes = {
				BuildIndependentTargetsInParallel = 1;
				LastSwiftUpdateCheck = 1620;
				LastUpgradeCheck = 1620;
				TargetAttributes = {
					48C239652D6DC97C004B6C9C = {
						CreatedOnToolsVersion = 16.2;
					};
					48C239752D6DC97D004B6C9C = {
						CreatedOnToolsVersion = 16.2;
						TestTargetID = 48C239652D6DC97C004B6C9C;
					};
					48C2397F2D6DC97D004B6C9C = {
						CreatedOnToolsVersion = 16.2;
						TestTargetID = 48C239652D6DC97C004B6C9C;
					};
				};
			};
			buildConfigurationList = 48C239612D6DC97C004B6C9C /* Build configuration list for PBXProject "AgifyApp" */;
			developmentRegion = en;
			hasScannedForEncodings = 0;
			knownRegions = (
				en,
				Base,
			);
			mainGroup = 48C2395D2D6DC97C004B6C9C;
			minimizedProjectReferenceProxies = 1;
			preferredProjectObjectVersion = 77;
			productRefGroup = 48C239672D6DC97C004B6C9C /* Products */;
			projectDirPath = "";
			projectRoot = "";
			targets = (
				48C239652D6DC97C004B6C9C /* AgifyApp */,
				48C239752D6DC97D004B6C9C /* AgifyAppTests */,
				48C2397F2D6DC97D004B6C9C /* AgifyAppUITests */,
			);
		};
/* End PBXProject section */

/* Begin PBXResourcesBuildPhase section */
		48C239642D6DC97C004B6C9C /* Resources */ = {
			isa = PBXResourcesBuildPhase;
			buildActionMask = 2147483647;
			files = (
				48C239992D6DC987004B6C9C /* Preview Assets.xcassets in Resources */,
				48C2399A2D6DC987004B6C9C /* Assets.xcassets in Resources */,
			);
			runOnlyForDeploymentPostprocessing = 0;
		};
		48C239742D6DC97D004B6C9C /* Resources */ = {
			isa = PBXResourcesBuildPhase;
			buildActionMask = 2147483647;
			files = (
			);
			runOnlyForDeploymentPostprocessing = 0;
		};
		48C2397E2D6DC97D004B6C9C /* Resources */ = {
			isa = PBXResourcesBuildPhase;
			buildActionMask = 2147483647;
			files = (
			);
			runOnlyForDeploymentPostprocessing = 0;
		};
/* End PBXResourcesBuildPhase section */

/* Begin PBXSourcesBuildPhase section */
		48C239622D6DC97C004B6C9C /* Sources */ = {
			isa = PBXSourcesBuildPhase;
			buildActionMask = 2147483647;
			files = (
				48C2399B2D6DC987004B6C9C /* AgifyAppApp.swift in Sources */,
				48C239B02D6DD1E8004B6C9C /* ApiService.swift in Sources */,
				48C239AD2D6DD1A7004B6C9C /* ApiError.swift in Sources */,
				48C239B32D6DD659004B6C9C /* Age.swift in Sources */,
				4862E0842D6E0CC600E1F690 /* ResultView.swift in Sources */,
				48C2399C2D6DC987004B6C9C /* ContentView.swift in Sources */,
				48C239A62D6DD0DF004B6C9C /* Networkable.swift in Sources */,
				4862E0802D6E035500E1F690 /* SearchField.swift in Sources */,
				48C239C12D6DF40B004B6C9C /* Nationality.swift in Sources */,
				48C239BA2D6DDA62004B6C9C /* DataSource.swift in Sources */,
				48C239B72D6DD671004B6C9C /* ViewModel.swift in Sources */,
			);
			runOnlyForDeploymentPostprocessing = 0;
		};
		48C239722D6DC97D004B6C9C /* Sources */ = {
			isa = PBXSourcesBuildPhase;
			buildActionMask = 2147483647;
			files = (
				48C239BE2D6DE8F2004B6C9C /* DataSource.swift in Sources */,
				48C239A72D6DD0DF004B6C9C /* Networkable.swift in Sources */,
				48C2399F2D6DC98A004B6C9C /* AgifyAppTests.swift in Sources */,
				48C239BB2D6DE899004B6C9C /* ViewModel.swift in Sources */,
				48C239BD2D6DE8E6004B6C9C /* Age.swift in Sources */,
				48C239C02D6DF40B004B6C9C /* Nationality.swift in Sources */,
				48C239BC2D6DE8A1004B6C9C /* ApiError.swift in Sources */,
				48C239B12D6DD1E8004B6C9C /* ApiService.swift in Sources */,
			);
			runOnlyForDeploymentPostprocessing = 0;
		};
		48C2397C2D6DC97D004B6C9C /* Sources */ = {
			isa = PBXSourcesBuildPhase;
			buildActionMask = 2147483647;
			files = (
				48C239A32D6DC98D004B6C9C /* AgifyAppUITests.swift in Sources */,
				48C239A42D6DC98D004B6C9C /* AgifyAppUITestsLaunchTests.swift in Sources */,
			);
			runOnlyForDeploymentPostprocessing = 0;
		};
/* End PBXSourcesBuildPhase section */

/* Begin PBXTargetDependency section */
		48C239782D6DC97D004B6C9C /* PBXTargetDependency */ = {
			isa = PBXTargetDependency;
			target = 48C239652D6DC97C004B6C9C /* AgifyApp */;
			targetProxy = 48C239772D6DC97D004B6C9C /* PBXContainerItemProxy */;
		};
		48C239822D6DC97D004B6C9C /* PBXTargetDependency */ = {
			isa = PBXTargetDependency;
			target = 48C239652D6DC97C004B6C9C /* AgifyApp */;
			targetProxy = 48C239812D6DC97D004B6C9C /* PBXContainerItemProxy */;
		};
/* End PBXTargetDependency section */

/* Begin XCBuildConfiguration section */
		48C239882D6DC97D004B6C9C /* Debug */ = {
			isa = XCBuildConfiguration;
			buildSettings = {
				ALWAYS_SEARCH_USER_PATHS = NO;
				ASSETCATALOG_COMPILER_GENERATE_SWIFT_ASSET_SYMBOL_EXTENSIONS = YES;
				CLANG_ANALYZER_NONNULL = YES;
				CLANG_ANALYZER_NUMBER_OBJECT_CONVERSION = YES_AGGRESSIVE;
				CLANG_CXX_LANGUAGE_STANDARD = "gnu++20";
				CLANG_ENABLE_MODULES = YES;
				CLANG_ENABLE_OBJC_ARC = YES;
				CLANG_ENABLE_OBJC_WEAK = YES;
				CLANG_WARN_BLOCK_CAPTURE_AUTORELEASING = YES;
				CLANG_WARN_BOOL_CONVERSION = YES;
				CLANG_WARN_COMMA = YES;
				CLANG_WARN_CONSTANT_CONVERSION = YES;
				CLANG_WARN_DEPRECATED_OBJC_IMPLEMENTATIONS = YES;
				CLANG_WARN_DIRECT_OBJC_ISA_USAGE = YES_ERROR;
				CLANG_WARN_DOCUMENTATION_COMMENTS = YES;
				CLANG_WARN_EMPTY_BODY = YES;
				CLANG_WARN_ENUM_CONVERSION = YES;
				CLANG_WARN_INFINITE_RECURSION = YES;
				CLANG_WARN_INT_CONVERSION = YES;
				CLANG_WARN_NON_LITERAL_NULL_CONVERSION = YES;
				CLANG_WARN_OBJC_IMPLICIT_RETAIN_SELF = YES;
				CLANG_WARN_OBJC_LITERAL_CONVERSION = YES;
				CLANG_WARN_OBJC_ROOT_CLASS = YES_ERROR;
				CLANG_WARN_QUOTED_INCLUDE_IN_FRAMEWORK_HEADER = YES;
				CLANG_WARN_RANGE_LOOP_ANALYSIS = YES;
				CLANG_WARN_STRICT_PROTOTYPES = YES;
				CLANG_WARN_SUSPICIOUS_MOVE = YES;
				CLANG_WARN_UNGUARDED_AVAILABILITY = YES_AGGRESSIVE;
				CLANG_WARN_UNREACHABLE_CODE = YES;
				CLANG_WARN__DUPLICATE_METHOD_MATCH = YES;
				COPY_PHASE_STRIP = NO;
				DEBUG_INFORMATION_FORMAT = dwarf;
				ENABLE_STRICT_OBJC_MSGSEND = YES;
				ENABLE_TESTABILITY = YES;
				ENABLE_USER_SCRIPT_SANDBOXING = YES;
				GCC_C_LANGUAGE_STANDARD = gnu17;
				GCC_DYNAMIC_NO_PIC = NO;
				GCC_NO_COMMON_BLOCKS = YES;
				GCC_OPTIMIZATION_LEVEL = 0;
				GCC_PREPROCESSOR_DEFINITIONS = (
					"DEBUG=1",
					"$(inherited)",
				);
				GCC_WARN_64_TO_32_BIT_CONVERSION = YES;
				GCC_WARN_ABOUT_RETURN_TYPE = YES_ERROR;
				GCC_WARN_UNDECLARED_SELECTOR = YES;
				GCC_WARN_UNINITIALIZED_AUTOS = YES_AGGRESSIVE;
				GCC_WARN_UNUSED_FUNCTION = YES;
				GCC_WARN_UNUSED_VARIABLE = YES;
				IPHONEOS_DEPLOYMENT_TARGET = 18.2;
				LOCALIZATION_PREFERS_STRING_CATALOGS = YES;
				MTL_ENABLE_DEBUG_INFO = INCLUDE_SOURCE;
				MTL_FAST_MATH = YES;
				ONLY_ACTIVE_ARCH = YES;
				SDKROOT = iphoneos;
				SWIFT_ACTIVE_COMPILATION_CONDITIONS = "DEBUG $(inherited)";
				SWIFT_OPTIMIZATION_LEVEL = "-Onone";
			};
			name = Debug;
		};
		48C239892D6DC97D004B6C9C /* Release */ = {
			isa = XCBuildConfiguration;
			buildSettings = {
				ALWAYS_SEARCH_USER_PATHS = NO;
				ASSETCATALOG_COMPILER_GENERATE_SWIFT_ASSET_SYMBOL_EXTENSIONS = YES;
				CLANG_ANALYZER_NONNULL = YES;
				CLANG_ANALYZER_NUMBER_OBJECT_CONVERSION = YES_AGGRESSIVE;
				CLANG_CXX_LANGUAGE_STANDARD = "gnu++20";
				CLANG_ENABLE_MODULES = YES;
				CLANG_ENABLE_OBJC_ARC = YES;
				CLANG_ENABLE_OBJC_WEAK = YES;
				CLANG_WARN_BLOCK_CAPTURE_AUTORELEASING = YES;
				CLANG_WARN_BOOL_CONVERSION = YES;
				CLANG_WARN_COMMA = YES;
				CLANG_WARN_CONSTANT_CONVERSION = YES;
				CLANG_WARN_DEPRECATED_OBJC_IMPLEMENTATIONS = YES;
				CLANG_WARN_DIRECT_OBJC_ISA_USAGE = YES_ERROR;
				CLANG_WARN_DOCUMENTATION_COMMENTS = YES;
				CLANG_WARN_EMPTY_BODY = YES;
				CLANG_WARN_ENUM_CONVERSION = YES;
				CLANG_WARN_INFINITE_RECURSION = YES;
				CLANG_WARN_INT_CONVERSION = YES;
				CLANG_WARN_NON_LITERAL_NULL_CONVERSION = YES;
				CLANG_WARN_OBJC_IMPLICIT_RETAIN_SELF = YES;
				CLANG_WARN_OBJC_LITERAL_CONVERSION = YES;
				CLANG_WARN_OBJC_ROOT_CLASS = YES_ERROR;
				CLANG_WARN_QUOTED_INCLUDE_IN_FRAMEWORK_HEADER = YES;
				CLANG_WARN_RANGE_LOOP_ANALYSIS = YES;
				CLANG_WARN_STRICT_PROTOTYPES = YES;
				CLANG_WARN_SUSPICIOUS_MOVE = YES;
				CLANG_WARN_UNGUARDED_AVAILABILITY = YES_AGGRESSIVE;
				CLANG_WARN_UNREACHABLE_CODE = YES;
				CLANG_WARN__DUPLICATE_METHOD_MATCH = YES;
				COPY_PHASE_STRIP = NO;
				DEBUG_INFORMATION_FORMAT = "dwarf-with-dsym";
				ENABLE_NS_ASSERTIONS = NO;
				ENABLE_STRICT_OBJC_MSGSEND = YES;
				ENABLE_USER_SCRIPT_SANDBOXING = YES;
				GCC_C_LANGUAGE_STANDARD = gnu17;
				GCC_NO_COMMON_BLOCKS = YES;
				GCC_WARN_64_TO_32_BIT_CONVERSION = YES;
				GCC_WARN_ABOUT_RETURN_TYPE = YES_ERROR;
				GCC_WARN_UNDECLARED_SELECTOR = YES;
				GCC_WARN_UNINITIALIZED_AUTOS = YES_AGGRESSIVE;
				GCC_WARN_UNUSED_FUNCTION = YES;
				GCC_WARN_UNUSED_VARIABLE = YES;
				IPHONEOS_DEPLOYMENT_TARGET = 18.2;
				LOCALIZATION_PREFERS_STRING_CATALOGS = YES;
				MTL_ENABLE_DEBUG_INFO = NO;
				MTL_FAST_MATH = YES;
				SDKROOT = iphoneos;
				SWIFT_COMPILATION_MODE = wholemodule;
				VALIDATE_PRODUCT = YES;
			};
			name = Release;
		};
		48C2398B2D6DC97D004B6C9C /* Debug */ = {
			isa = XCBuildConfiguration;
			buildSettings = {
				ASSETCATALOG_COMPILER_APPICON_NAME = AppIcon;
				ASSETCATALOG_COMPILER_GLOBAL_ACCENT_COLOR_NAME = AccentColor;
				CODE_SIGN_STYLE = Automatic;
				CURRENT_PROJECT_VERSION = 1;
				DEVELOPMENT_ASSET_PATHS = "\"AgifyApp/Preview Content\"";
				DEVELOPMENT_TEAM = JZ2DM5W57R;
				ENABLE_PREVIEWS = YES;
				GENERATE_INFOPLIST_FILE = YES;
				INFOPLIST_KEY_UIApplicationSceneManifest_Generation = YES;
				INFOPLIST_KEY_UIApplicationSupportsIndirectInputEvents = YES;
				INFOPLIST_KEY_UILaunchScreen_Generation = YES;
				INFOPLIST_KEY_UISupportedInterfaceOrientations_iPad = "UIInterfaceOrientationPortrait UIInterfaceOrientationPortraitUpsideDown UIInterfaceOrientationLandscapeLeft UIInterfaceOrientationLandscapeRight";
				INFOPLIST_KEY_UISupportedInterfaceOrientations_iPhone = "UIInterfaceOrientationPortrait UIInterfaceOrientationLandscapeLeft UIInterfaceOrientationLandscapeRight";
				LD_RUNPATH_SEARCH_PATHS = (
					"$(inherited)",
					"@executable_path/Frameworks",
				);
				MARKETING_VERSION = 1.0;
				PRODUCT_BUNDLE_IDENTIFIER = amr.apps.agify.app.AgifyApp;
				PRODUCT_NAME = "$(TARGET_NAME)";
				SWIFT_EMIT_LOC_STRINGS = YES;
				SWIFT_VERSION = 5.0;
				TARGETED_DEVICE_FAMILY = "1,2";
			};
			name = Debug;
		};
		48C2398C2D6DC97D004B6C9C /* Release */ = {
			isa = XCBuildConfiguration;
			buildSettings = {
				ASSETCATALOG_COMPILER_APPICON_NAME = AppIcon;
				ASSETCATALOG_COMPILER_GLOBAL_ACCENT_COLOR_NAME = AccentColor;
				CODE_SIGN_STYLE = Automatic;
				CURRENT_PROJECT_VERSION = 1;
				DEVELOPMENT_ASSET_PATHS = "\"AgifyApp/Preview Content\"";
				DEVELOPMENT_TEAM = JZ2DM5W57R;
				ENABLE_PREVIEWS = YES;
				GENERATE_INFOPLIST_FILE = YES;
				INFOPLIST_KEY_UIApplicationSceneManifest_Generation = YES;
				INFOPLIST_KEY_UIApplicationSupportsIndirectInputEvents = YES;
				INFOPLIST_KEY_UILaunchScreen_Generation = YES;
				INFOPLIST_KEY_UISupportedInterfaceOrientations_iPad = "UIInterfaceOrientationPortrait UIInterfaceOrientationPortraitUpsideDown UIInterfaceOrientationLandscapeLeft UIInterfaceOrientationLandscapeRight";
				INFOPLIST_KEY_UISupportedInterfaceOrientations_iPhone = "UIInterfaceOrientationPortrait UIInterfaceOrientationLandscapeLeft UIInterfaceOrientationLandscapeRight";
				LD_RUNPATH_SEARCH_PATHS = (
					"$(inherited)",
					"@executable_path/Frameworks",
				);
				MARKETING_VERSION = 1.0;
				PRODUCT_BUNDLE_IDENTIFIER = amr.apps.agify.app.AgifyApp;
				PRODUCT_NAME = "$(TARGET_NAME)";
				SWIFT_EMIT_LOC_STRINGS = YES;
				SWIFT_VERSION = 5.0;
				TARGETED_DEVICE_FAMILY = "1,2";
			};
			name = Release;
		};
		48C2398E2D6DC97D004B6C9C /* Debug */ = {
			isa = XCBuildConfiguration;
			buildSettings = {
				BUNDLE_LOADER = "$(TEST_HOST)";
				CODE_SIGN_STYLE = Automatic;
				CURRENT_PROJECT_VERSION = 1;
				DEVELOPMENT_TEAM = JZ2DM5W57R;
				GENERATE_INFOPLIST_FILE = YES;
				IPHONEOS_DEPLOYMENT_TARGET = 18.2;
				MARKETING_VERSION = 1.0;
				PRODUCT_BUNDLE_IDENTIFIER = amr.apps.agify.app.AgifyAppTests;
				PRODUCT_NAME = "$(TARGET_NAME)";
				SWIFT_EMIT_LOC_STRINGS = NO;
				SWIFT_VERSION = 5.0;
				TARGETED_DEVICE_FAMILY = "1,2";
				TEST_HOST = "$(BUILT_PRODUCTS_DIR)/AgifyApp.app/$(BUNDLE_EXECUTABLE_FOLDER_PATH)/AgifyApp";
			};
			name = Debug;
		};
		48C2398F2D6DC97D004B6C9C /* Release */ = {
			isa = XCBuildConfiguration;
			buildSettings = {
				BUNDLE_LOADER = "$(TEST_HOST)";
				CODE_SIGN_STYLE = Automatic;
				CURRENT_PROJECT_VERSION = 1;
				DEVELOPMENT_TEAM = JZ2DM5W57R;
				GENERATE_INFOPLIST_FILE = YES;
				IPHONEOS_DEPLOYMENT_TARGET = 18.2;
				MARKETING_VERSION = 1.0;
				PRODUCT_BUNDLE_IDENTIFIER = amr.apps.agify.app.AgifyAppTests;
				PRODUCT_NAME = "$(TARGET_NAME)";
				SWIFT_EMIT_LOC_STRINGS = NO;
				SWIFT_VERSION = 5.0;
				TARGETED_DEVICE_FAMILY = "1,2";
				TEST_HOST = "$(BUILT_PRODUCTS_DIR)/AgifyApp.app/$(BUNDLE_EXECUTABLE_FOLDER_PATH)/AgifyApp";
			};
			name = Release;
		};
		48C239912D6DC97D004B6C9C /* Debug */ = {
			isa = XCBuildConfiguration;
			buildSettings = {
				CODE_SIGN_STYLE = Automatic;
				CURRENT_PROJECT_VERSION = 1;
				DEVELOPMENT_TEAM = JZ2DM5W57R;
				GENERATE_INFOPLIST_FILE = YES;
				MARKETING_VERSION = 1.0;
				PRODUCT_BUNDLE_IDENTIFIER = amr.apps.agify.app.AgifyAppUITests;
				PRODUCT_NAME = "$(TARGET_NAME)";
				SWIFT_EMIT_LOC_STRINGS = NO;
				SWIFT_VERSION = 5.0;
				TARGETED_DEVICE_FAMILY = "1,2";
				TEST_TARGET_NAME = AgifyApp;
			};
			name = Debug;
		};
		48C239922D6DC97D004B6C9C /* Release */ = {
			isa = XCBuildConfiguration;
			buildSettings = {
				CODE_SIGN_STYLE = Automatic;
				CURRENT_PROJECT_VERSION = 1;
				DEVELOPMENT_TEAM = JZ2DM5W57R;
				GENERATE_INFOPLIST_FILE = YES;
				MARKETING_VERSION = 1.0;
				PRODUCT_BUNDLE_IDENTIFIER = amr.apps.agify.app.AgifyAppUITests;
				PRODUCT_NAME = "$(TARGET_NAME)";
				SWIFT_EMIT_LOC_STRINGS = NO;
				SWIFT_VERSION = 5.0;
				TARGETED_DEVICE_FAMILY = "1,2";
				TEST_TARGET_NAME = AgifyApp;
			};
			name = Release;
		};
/* End XCBuildConfiguration section */

/* Begin XCConfigurationList section */
		48C239612D6DC97C004B6C9C /* Build configuration list for PBXProject "AgifyApp" */ = {
			isa = XCConfigurationList;
			buildConfigurations = (
				48C239882D6DC97D004B6C9C /* Debug */,
				48C239892D6DC97D004B6C9C /* Release */,
			);
			defaultConfigurationIsVisible = 0;
			defaultConfigurationName = Release;
		};
		48C2398A2D6DC97D004B6C9C /* Build configuration list for PBXNativeTarget "AgifyApp" */ = {
			isa = XCConfigurationList;
			buildConfigurations = (
				48C2398B2D6DC97D004B6C9C /* Debug */,
				48C2398C2D6DC97D004B6C9C /* Release */,
			);
			defaultConfigurationIsVisible = 0;
			defaultConfigurationName = Release;
		};
		48C2398D2D6DC97D004B6C9C /* Build configuration list for PBXNativeTarget "AgifyAppTests" */ = {
			isa = XCConfigurationList;
			buildConfigurations = (
				48C2398E2D6DC97D004B6C9C /* Debug */,
				48C2398F2D6DC97D004B6C9C /* Release */,
			);
			defaultConfigurationIsVisible = 0;
			defaultConfigurationName = Release;
		};
		48C239902D6DC97D004B6C9C /* Build configuration list for PBXNativeTarget "AgifyAppUITests" */ = {
			isa = XCConfigurationList;
			buildConfigurations = (
				48C239912D6DC97D004B6C9C /* Debug */,
				48C239922D6DC97D004B6C9C /* Release */,
			);
			defaultConfigurationIsVisible = 0;
			defaultConfigurationName = Release;
		};
/* End XCConfigurationList section */
	};
	rootObject = 48C2395E2D6DC97C004B6C9C /* Project object */;
}
